
Microsoft Visual Studio Solution File, Format Version 12.00
# Visual Studio Version 17
VisualStudioVersion = 17.5.33627.172
MinimumVisualStudioVersion = 10.0.40219.1
Project("{888888A0-9F3D-457C-B088-3A5042F75D52}") = "Тема3-Работа с данными. Урок 6-Циклы While и For. Задание 2", "Тема3-Работа с данными. Урок 6-Циклы While и For. Задание 2\Тема3-Работа с данными. Урок 6-Циклы While и For. Задание 2.pyproj", "{F519C067-4992-44E3-B526-081A6FBBF688}"
EndProject
Global
	GlobalSection(SolutionConfigurationPlatforms) = preSolution
		Debug|Any CPU = Debug|Any CPU
		Release|Any CPU = Release|Any CPU
	EndGlobalSection
	GlobalSection(ProjectConfigurationPlatforms) = postSolution
		{F519C067-4992-44E3-B526-081A6FBBF688}.Debug|Any CPU.ActiveCfg = Debug|Any CPU
		{F519C067-4992-44E3-B526-081A6FBBF688}.Release|Any CPU.ActiveCfg = Release|Any CPU
	EndGlobalSection
	GlobalSection(SolutionProperties) = preSolution
		HideSolutionNode = FALSE
	EndGlobalSection
	GlobalSection(ExtensibilityGlobals) = postSolution
		SolutionGuid = {8EE1BBB9-4F2A-4629-81CC-EB7E37E67ADB}
	EndGlobalSection
EndGlobal
